// !$*UTF8*$!
{
	archiveVersion = 1;
	classes = {
	};
	objectVersion = 46;
	objects = {

/* Begin PBXBuildFile section */
		5B091F081C834FC80064F03A /* VideoImpressionVC.swift in Sources */ = {isa = PBXBuildFile; fileRef = 5B091F071C834FC80064F03A /* VideoImpressionVC.swift */; };
		5B091F0A1C83AA360064F03A /* SecondNavigationVC.swift in Sources */ = {isa = PBXBuildFile; fileRef = 5B091F091C83AA360064F03A /* SecondNavigationVC.swift */; };
		5B091F0C1C83AA640064F03A /* AbstractNavigationVC.swift in Sources */ = {isa = PBXBuildFile; fileRef = 5B091F0B1C83AA640064F03A /* AbstractNavigationVC.swift */; };
		5B0C0D981C3D505A0090FB17 /* TextImpressionVC.swift in Sources */ = {isa = PBXBuildFile; fileRef = 5B0C0D971C3D505A0090FB17 /* TextImpressionVC.swift */; };
		5B0C0D9A1C3F13D90090FB17 /* TextImpression.swift in Sources */ = {isa = PBXBuildFile; fileRef = 5B0C0D991C3F13D90090FB17 /* TextImpression.swift */; };
		5B0C0D9C1C3FE2F80090FB17 /* ImageImpressionVC.swift in Sources */ = {isa = PBXBuildFile; fileRef = 5B0C0D9B1C3FE2F80090FB17 /* ImageImpressionVC.swift */; };
		5B1E6B8A1C7F57840016B404 /* LocationDetailHeaderCell.swift in Sources */ = {isa = PBXBuildFile; fileRef = 5B1E6B891C7F57840016B404 /* LocationDetailHeaderCell.swift */; };
		5B1E6B8C1C80A48A0016B404 /* VideoImpressionCell.swift in Sources */ = {isa = PBXBuildFile; fileRef = 5B1E6B8B1C80A48A0016B404 /* VideoImpressionCell.swift */; };
		5B2654C21C85E49800823EBF /* BubbleView.swift in Sources */ = {isa = PBXBuildFile; fileRef = 5B2654C11C85E49800823EBF /* BubbleView.swift */; };
		5B410D701C4CF78500B11471 /* LocationCell.swift in Sources */ = {isa = PBXBuildFile; fileRef = 5B410D6F1C4CF78500B11471 /* LocationCell.swift */; };
		5B410D721C4E4A3000B11471 /* City.swift in Sources */ = {isa = PBXBuildFile; fileRef = 5B410D711C4E4A3000B11471 /* City.swift */; };
		5B410D741C4F989600B11471 /* UserCell.swift in Sources */ = {isa = PBXBuildFile; fileRef = 5B410D731C4F989600B11471 /* UserCell.swift */; };
		5B410D761C4F98B000B11471 /* UserListVC.swift in Sources */ = {isa = PBXBuildFile; fileRef = 5B410D751C4F98B000B11471 /* UserListVC.swift */; };
		5B42BB651C7DD6BE004F16D2 /* LocationDetailVC.swift in Sources */ = {isa = PBXBuildFile; fileRef = 5B42BB641C7DD6BE004F16D2 /* LocationDetailVC.swift */; };
		5B42BB681C7DD961004F16D2 /* TextImpressionCell.swift in Sources */ = {isa = PBXBuildFile; fileRef = 5B42BB671C7DD961004F16D2 /* TextImpressionCell.swift */; };
		5B42BB6A1C7DD96F004F16D2 /* ImageImpressionCell.swift in Sources */ = {isa = PBXBuildFile; fileRef = 5B42BB691C7DD96F004F16D2 /* ImageImpressionCell.swift */; };
		5B4475091C2167BE00C30445 /* Location.swift in Sources */ = {isa = PBXBuildFile; fileRef = 5B4475081C2167BE00C30445 /* Location.swift */; };
		5B44750D1C216E9600C30445 /* LocationService.swift in Sources */ = {isa = PBXBuildFile; fileRef = 5B44750C1C216E9600C30445 /* LocationService.swift */; };
		5B495C4E1C2061B5000D8974 /* MapVC.swift in Sources */ = {isa = PBXBuildFile; fileRef = 5B495C4D1C2061B5000D8974 /* MapVC.swift */; };
		5B4EF1111C5E2559005D8612 /* GpsService.swift in Sources */ = {isa = PBXBuildFile; fileRef = 5B4EF1101C5E2559005D8612 /* GpsService.swift */; };
		5B514AD71C5D3447001B3C17 /* ImpressionService.swift in Sources */ = {isa = PBXBuildFile; fileRef = 5B514AD61C5D3447001B3C17 /* ImpressionService.swift */; };
		5B514AD91C5D63F7001B3C17 /* DeviceService.swift in Sources */ = {isa = PBXBuildFile; fileRef = 5B514AD81C5D63F7001B3C17 /* DeviceService.swift */; };
		5B608C991C49DF2500F5F0DA /* LocationListVC.swift in Sources */ = {isa = PBXBuildFile; fileRef = 5B608C981C49DF2500F5F0DA /* LocationListVC.swift */; };
		5B608C9C1C49E4C100F5F0DA /* UserVC.swift in Sources */ = {isa = PBXBuildFile; fileRef = 5B608C9B1C49E4C100F5F0DA /* UserVC.swift */; };
		5B608CA01C4A5D3A00F5F0DA /* UserTabVC.swift in Sources */ = {isa = PBXBuildFile; fileRef = 5B608C9F1C4A5D3A00F5F0DA /* UserTabVC.swift */; };
		5B63B2601C7B53520070AC08 /* AlertService.swift in Sources */ = {isa = PBXBuildFile; fileRef = 5B63B25F1C7B53520070AC08 /* AlertService.swift */; };
		5B6E10F21C84A01D00456501 /* LoadingView.swift in Sources */ = {isa = PBXBuildFile; fileRef = 5B6E10F11C84A01D00456501 /* LoadingView.swift */; };
		5B90CCAF1C299A2400108693 /* UserService.swift in Sources */ = {isa = PBXBuildFile; fileRef = 5B90CCAE1C299A2400108693 /* UserService.swift */; };
		5B90CCB11C29A56A00108693 /* User.swift in Sources */ = {isa = PBXBuildFile; fileRef = 5B90CCB01C29A56A00108693 /* User.swift */; };
		5B90CCB31C2A220F00108693 /* DashboardVC.swift in Sources */ = {isa = PBXBuildFile; fileRef = 5B90CCB21C2A220F00108693 /* DashboardVC.swift */; };
		5BAC93D11C23385600FE502F /* SchoenHier.swift in Sources */ = {isa = PBXBuildFile; fileRef = 5BAC93D01C23385600FE502F /* SchoenHier.swift */; };
		5BAC93E11C2824A500FE502F /* UtilService.swift in Sources */ = {isa = PBXBuildFile; fileRef = 5BAC93E01C2824A500FE502F /* UtilService.swift */; };
		5BC5F2F81C3BE55A0092E0E9 /* MapSearchVC.swift in Sources */ = {isa = PBXBuildFile; fileRef = 5BC5F2F71C3BE55A0092E0E9 /* MapSearchVC.swift */; };
		5BDAB6141C5514D600A4D38E /* CAPSPageMenu.swift in Sources */ = {isa = PBXBuildFile; fileRef = 5BDAB6131C5514D600A4D38E /* CAPSPageMenu.swift */; };
		5BDAB61A1C5594D300A4D38E /* MainNavigationVC.swift in Sources */ = {isa = PBXBuildFile; fileRef = 5BDAB6191C5594D300A4D38E /* MainNavigationVC.swift */; };
		5BDAB61D1C58D38800A4D38E /* InfoWindow.xib in Resources */ = {isa = PBXBuildFile; fileRef = 5BDAB61C1C58D38800A4D38E /* InfoWindow.xib */; };
		5BDAB61F1C58D6A000A4D38E /* InfoWindow.swift in Sources */ = {isa = PBXBuildFile; fileRef = 5BDAB61E1C58D6A000A4D38E /* InfoWindow.swift */; };
		5BEA72B81C34B206005220CD /* AbstractImpression.swift in Sources */ = {isa = PBXBuildFile; fileRef = 5BEA72B71C34B206005220CD /* AbstractImpression.swift */; };
		5BEA72BA1C34B28D005220CD /* ImageImpression.swift in Sources */ = {isa = PBXBuildFile; fileRef = 5BEA72B91C34B28D005220CD /* ImageImpression.swift */; };
		5BEA72BC1C34B527005220CD /* VideoImpression.swift in Sources */ = {isa = PBXBuildFile; fileRef = 5BEA72BB1C34B527005220CD /* VideoImpression.swift */; };
		5BEA72BE1C34B530005220CD /* AudioImpression.swift in Sources */ = {isa = PBXBuildFile; fileRef = 5BEA72BD1C34B530005220CD /* AudioImpression.swift */; };
		623DE8F3F2CEAA896CFA50AC /* Pods_locator.framework in Frameworks */ = {isa = PBXBuildFile; fileRef = 9F065E9F82669863AC08B17B /* Pods_locator.framework */; };
		870507241C4FD82B008641BF /* BubbleVC.swift in Sources */ = {isa = PBXBuildFile; fileRef = 870507231C4FD82B008641BF /* BubbleVC.swift */; };
		872DA7C81C1F06A10041C9D6 /* EmailLoginVC1.swift in Sources */ = {isa = PBXBuildFile; fileRef = 872DA7C71C1F06A10041C9D6 /* EmailLoginVC1.swift */; };
		872DA7CA1C1F156A0041C9D6 /* EmailLoginVC2.swift in Sources */ = {isa = PBXBuildFile; fileRef = 872DA7C91C1F156A0041C9D6 /* EmailLoginVC2.swift */; };
		874AF1F21C415B1300F386B0 /* WelcomeRegisteredVC.swift in Sources */ = {isa = PBXBuildFile; fileRef = 874AF1F11C415B1300F386B0 /* WelcomeRegisteredVC.swift */; };
		874AF1F41C415BC300F386B0 /* LocatorVC.swift in Sources */ = {isa = PBXBuildFile; fileRef = 874AF1F31C415BC300F386B0 /* LocatorVC.swift */; };
		874AF1F61C415D7F00F386B0 /* AboutUserVc.swift in Sources */ = {isa = PBXBuildFile; fileRef = 874AF1F51C415D7F00F386B0 /* AboutUserVc.swift */; };
		874AF1F81C415EA300F386B0 /* Color.swift in Sources */ = {isa = PBXBuildFile; fileRef = 874AF1F71C415EA300F386B0 /* Color.swift */; };
		875AF7B61C563F6E000F76AE /* BubbleService.swift in Sources */ = {isa = PBXBuildFile; fileRef = 875AF7B51C563F6E000F76AE /* BubbleService.swift */; };
		875AF7B81C56459F000F76AE /* Message.swift in Sources */ = {isa = PBXBuildFile; fileRef = 875AF7B71C56459F000F76AE /* Message.swift */; };
		876290231C1893DE00D2870E /* LoginVC.swift in Sources */ = {isa = PBXBuildFile; fileRef = 876290221C1893DE00D2870E /* LoginVC.swift */; };
		876290241C18E1B400D2870E /* SourceSansPro-Black.ttf in Resources */ = {isa = PBXBuildFile; fileRef = 876290141C187DD700D2870E /* SourceSansPro-Black.ttf */; };
		876290251C18E1B400D2870E /* SourceSansPro-BlackIt.ttf in Resources */ = {isa = PBXBuildFile; fileRef = 876290151C187DD700D2870E /* SourceSansPro-BlackIt.ttf */; };
		876290261C18E1B400D2870E /* SourceSansPro-Bold.ttf in Resources */ = {isa = PBXBuildFile; fileRef = 876290161C187DD700D2870E /* SourceSansPro-Bold.ttf */; };
		876290271C18E1B400D2870E /* SourceSansPro-BoldIt.ttf in Resources */ = {isa = PBXBuildFile; fileRef = 876290171C187DD700D2870E /* SourceSansPro-BoldIt.ttf */; };
		876290281C18E1B400D2870E /* SourceSansPro-ExtraLight.ttf in Resources */ = {isa = PBXBuildFile; fileRef = 876290181C187DD700D2870E /* SourceSansPro-ExtraLight.ttf */; };
		876290291C18E1B400D2870E /* SourceSansPro-ExtraLightIt.ttf in Resources */ = {isa = PBXBuildFile; fileRef = 876290191C187DD700D2870E /* SourceSansPro-ExtraLightIt.ttf */; };
		8762902A1C18E1B400D2870E /* SourceSansPro-It.ttf in Resources */ = {isa = PBXBuildFile; fileRef = 8762901A1C187DD700D2870E /* SourceSansPro-It.ttf */; };
		8762902B1C18E1B400D2870E /* SourceSansPro-Light.ttf in Resources */ = {isa = PBXBuildFile; fileRef = 8762901B1C187DD700D2870E /* SourceSansPro-Light.ttf */; };
		8762902C1C18E1B400D2870E /* SourceSansPro-LightIt.ttf in Resources */ = {isa = PBXBuildFile; fileRef = 8762901C1C187DD700D2870E /* SourceSansPro-LightIt.ttf */; };
		8762902D1C18E1B400D2870E /* SourceSansPro-Regular.ttf in Resources */ = {isa = PBXBuildFile; fileRef = 8762901D1C187DD700D2870E /* SourceSansPro-Regular.ttf */; };
		8762902E1C18E1B400D2870E /* SourceSansPro-Semibold.ttf in Resources */ = {isa = PBXBuildFile; fileRef = 8762901E1C187DD700D2870E /* SourceSansPro-Semibold.ttf */; };
		8762902F1C18E1B400D2870E /* SourceSansPro-SemiboldIt.ttf in Resources */ = {isa = PBXBuildFile; fileRef = 8762901F1C187DD700D2870E /* SourceSansPro-SemiboldIt.ttf */; };
		876CAA7E1C3BFEAF002A36FF /* RegisterVC1.swift in Sources */ = {isa = PBXBuildFile; fileRef = 876CAA7D1C3BFEAF002A36FF /* RegisterVC1.swift */; };
		876CAA801C3C03F8002A36FF /* RegisterVC2.swift in Sources */ = {isa = PBXBuildFile; fileRef = 876CAA7F1C3C03F8002A36FF /* RegisterVC2.swift */; };
		876CAA821C3C0411002A36FF /* RegisterVC3.swift in Sources */ = {isa = PBXBuildFile; fileRef = 876CAA811C3C0411002A36FF /* RegisterVC3.swift */; };
		876CAA841C3C0422002A36FF /* RegisterVC4.swift in Sources */ = {isa = PBXBuildFile; fileRef = 876CAA831C3C0422002A36FF /* RegisterVC4.swift */; };
		876CAA861C3C0431002A36FF /* RegisterVC5.swift in Sources */ = {isa = PBXBuildFile; fileRef = 876CAA851C3C0431002A36FF /* RegisterVC5.swift */; };
		879DC7BA1C459A8E004726BF /* PreLoginVC.swift in Sources */ = {isa = PBXBuildFile; fileRef = 879DC7B91C459A8E004726BF /* PreLoginVC.swift */; };
		87ACAD261C21C9B900651B18 /* HttpService.swift in Sources */ = {isa = PBXBuildFile; fileRef = 87ACAD251C21C9B900651B18 /* HttpService.swift */; };
		87B6DB721C4674E600CE97DC /* ValidateInputService.swift in Sources */ = {isa = PBXBuildFile; fileRef = 87B6DB711C4674E600CE97DC /* ValidateInputService.swift */; };
		87EED3861C4571BE00939E07 /* Questions.swift in Sources */ = {isa = PBXBuildFile; fileRef = 87EED3851C4571BE00939E07 /* Questions.swift */; };
		87F14D7B1C18604B00682709 /* AppDelegate.swift in Sources */ = {isa = PBXBuildFile; fileRef = 87F14D7A1C18604B00682709 /* AppDelegate.swift */; };
		87F14D7D1C18604B00682709 /* WelcomeVC.swift in Sources */ = {isa = PBXBuildFile; fileRef = 87F14D7C1C18604B00682709 /* WelcomeVC.swift */; };
		87F14D801C18604B00682709 /* Main.storyboard in Resources */ = {isa = PBXBuildFile; fileRef = 87F14D7E1C18604B00682709 /* Main.storyboard */; };
		87F14D831C18604B00682709 /* locator.xcdatamodeld in Sources */ = {isa = PBXBuildFile; fileRef = 87F14D811C18604B00682709 /* locator.xcdatamodeld */; };
		87F14D851C18604B00682709 /* Assets.xcassets in Resources */ = {isa = PBXBuildFile; fileRef = 87F14D841C18604B00682709 /* Assets.xcassets */; };
		87F14D881C18604B00682709 /* LaunchScreen.storyboard in Resources */ = {isa = PBXBuildFile; fileRef = 87F14D861C18604B00682709 /* LaunchScreen.storyboard */; };
		CC18FAA31C7F57D200A346BE /* TakePhotoViewController.swift in Sources */ = {isa = PBXBuildFile; fileRef = CC18FAA21C7F57D200A346BE /* TakePhotoViewController.swift */; };
		CC4075E21C7F776D00364331 /* NameYourLocationViewController.swift in Sources */ = {isa = PBXBuildFile; fileRef = CC4075E11C7F776D00364331 /* NameYourLocationViewController.swift */; };
		CC4075E41C7F8CB000364331 /* AddCategoriesViewController.swift in Sources */ = {isa = PBXBuildFile; fileRef = CC4075E31C7F8CB000364331 /* AddCategoriesViewController.swift */; };
		CC6A38311C84965C00843293 /* PasstSoViewController.swift in Sources */ = {isa = PBXBuildFile; fileRef = CC6A38301C84965C00843293 /* PasstSoViewController.swift */; };
		CC857BE41C81CC2700776731 /* LoadingAnimationViewController.swift in Sources */ = {isa = PBXBuildFile; fileRef = CC857BE31C81CC2700776731 /* LoadingAnimationViewController.swift */; };
		CC857BE61C81E72900776731 /* Gif.swift in Sources */ = {isa = PBXBuildFile; fileRef = CC857BE51C81E72900776731 /* Gif.swift */; };
		CC857BF61C8317AC00776731 /* locator_preloader.gif in Resources */ = {isa = PBXBuildFile; fileRef = CC857BEB1C81EEEF00776731 /* locator_preloader.gif */; };
/* End PBXBuildFile section */

/* Begin PBXFileReference section */
		2A2D73A983D85F52E3CE00E5 /* Pods-locator.debug.xcconfig */ = {isa = PBXFileReference; includeInIndex = 1; lastKnownFileType = text.xcconfig; name = "Pods-locator.debug.xcconfig"; path = "Pods/Target Support Files/Pods-locator/Pods-locator.debug.xcconfig"; sourceTree = "<group>"; };
		5B091F071C834FC80064F03A /* VideoImpressionVC.swift */ = {isa = PBXFileReference; fileEncoding = 4; lastKnownFileType = sourcecode.swift; path = VideoImpressionVC.swift; sourceTree = "<group>"; };
		5B091F091C83AA360064F03A /* SecondNavigationVC.swift */ = {isa = PBXFileReference; fileEncoding = 4; lastKnownFileType = sourcecode.swift; path = SecondNavigationVC.swift; sourceTree = "<group>"; };
		5B091F0B1C83AA640064F03A /* AbstractNavigationVC.swift */ = {isa = PBXFileReference; fileEncoding = 4; lastKnownFileType = sourcecode.swift; path = AbstractNavigationVC.swift; sourceTree = "<group>"; };
		5B0C0D971C3D505A0090FB17 /* TextImpressionVC.swift */ = {isa = PBXFileReference; fileEncoding = 4; lastKnownFileType = sourcecode.swift; name = TextImpressionVC.swift; path = controller/TextImpressionVC.swift; sourceTree = SOURCE_ROOT; };
		5B0C0D991C3F13D90090FB17 /* TextImpression.swift */ = {isa = PBXFileReference; fileEncoding = 4; lastKnownFileType = sourcecode.swift; path = TextImpression.swift; sourceTree = "<group>"; };
		5B0C0D9B1C3FE2F80090FB17 /* ImageImpressionVC.swift */ = {isa = PBXFileReference; fileEncoding = 4; lastKnownFileType = sourcecode.swift; name = ImageImpressionVC.swift; path = controller/ImageImpressionVC.swift; sourceTree = SOURCE_ROOT; };
		5B1E6B891C7F57840016B404 /* LocationDetailHeaderCell.swift */ = {isa = PBXFileReference; fileEncoding = 4; lastKnownFileType = sourcecode.swift; path = LocationDetailHeaderCell.swift; sourceTree = "<group>"; };
		5B1E6B8B1C80A48A0016B404 /* VideoImpressionCell.swift */ = {isa = PBXFileReference; fileEncoding = 4; lastKnownFileType = sourcecode.swift; path = VideoImpressionCell.swift; sourceTree = "<group>"; };
		5B2654C11C85E49800823EBF /* BubbleView.swift */ = {isa = PBXFileReference; fileEncoding = 4; lastKnownFileType = sourcecode.swift; name = BubbleView.swift; path = customViews/BubbleView.swift; sourceTree = "<group>"; };
		5B410D6F1C4CF78500B11471 /* LocationCell.swift */ = {isa = PBXFileReference; fileEncoding = 4; lastKnownFileType = sourcecode.swift; name = LocationCell.swift; path = locator/LocationCell.swift; sourceTree = "<group>"; };
		5B410D711C4E4A3000B11471 /* City.swift */ = {isa = PBXFileReference; fileEncoding = 4; lastKnownFileType = sourcecode.swift; path = City.swift; sourceTree = "<group>"; };
		5B410D731C4F989600B11471 /* UserCell.swift */ = {isa = PBXFileReference; fileEncoding = 4; lastKnownFileType = sourcecode.swift; path = UserCell.swift; sourceTree = "<group>"; };
		5B410D751C4F98B000B11471 /* UserListVC.swift */ = {isa = PBXFileReference; fileEncoding = 4; lastKnownFileType = sourcecode.swift; path = UserListVC.swift; sourceTree = "<group>"; };
		5B42BB641C7DD6BE004F16D2 /* LocationDetailVC.swift */ = {isa = PBXFileReference; fileEncoding = 4; lastKnownFileType = sourcecode.swift; name = LocationDetailVC.swift; path = controller/LocationDetailVC.swift; sourceTree = SOURCE_ROOT; };
		5B42BB671C7DD961004F16D2 /* TextImpressionCell.swift */ = {isa = PBXFileReference; fileEncoding = 4; lastKnownFileType = sourcecode.swift; path = TextImpressionCell.swift; sourceTree = "<group>"; };
		5B42BB691C7DD96F004F16D2 /* ImageImpressionCell.swift */ = {isa = PBXFileReference; fileEncoding = 4; lastKnownFileType = sourcecode.swift; path = ImageImpressionCell.swift; sourceTree = "<group>"; };
		5B4475081C2167BE00C30445 /* Location.swift */ = {isa = PBXFileReference; fileEncoding = 4; lastKnownFileType = sourcecode.swift; path = Location.swift; sourceTree = "<group>"; };
		5B44750C1C216E9600C30445 /* LocationService.swift */ = {isa = PBXFileReference; fileEncoding = 4; lastKnownFileType = sourcecode.swift; path = LocationService.swift; sourceTree = "<group>"; };
		5B495C4D1C2061B5000D8974 /* MapVC.swift */ = {isa = PBXFileReference; fileEncoding = 4; lastKnownFileType = sourcecode.swift; path = MapVC.swift; sourceTree = "<group>"; };
		5B4EF1101C5E2559005D8612 /* GpsService.swift */ = {isa = PBXFileReference; fileEncoding = 4; lastKnownFileType = sourcecode.swift; path = GpsService.swift; sourceTree = "<group>"; };
		5B514AD61C5D3447001B3C17 /* ImpressionService.swift */ = {isa = PBXFileReference; fileEncoding = 4; lastKnownFileType = sourcecode.swift; path = ImpressionService.swift; sourceTree = "<group>"; };
		5B514AD81C5D63F7001B3C17 /* DeviceService.swift */ = {isa = PBXFileReference; fileEncoding = 4; lastKnownFileType = sourcecode.swift; path = DeviceService.swift; sourceTree = "<group>"; };
		5B608C981C49DF2500F5F0DA /* LocationListVC.swift */ = {isa = PBXFileReference; fileEncoding = 4; lastKnownFileType = sourcecode.swift; name = LocationListVC.swift; path = controller/LocationListVC.swift; sourceTree = SOURCE_ROOT; };
		5B608C9B1C49E4C100F5F0DA /* UserVC.swift */ = {isa = PBXFileReference; fileEncoding = 4; lastKnownFileType = sourcecode.swift; name = UserVC.swift; path = controller/UserVC.swift; sourceTree = SOURCE_ROOT; };
		5B608C9F1C4A5D3A00F5F0DA /* UserTabVC.swift */ = {isa = PBXFileReference; fileEncoding = 4; lastKnownFileType = sourcecode.swift; name = UserTabVC.swift; path = controller/UserTabVC.swift; sourceTree = SOURCE_ROOT; };
		5B60DAA41C86362100303E98 /* Bolts.framework */ = {isa = PBXFileReference; lastKnownFileType = wrapper.framework; name = Bolts.framework; path = "Pods/../build/Debug-iphoneos/Bolts.framework"; sourceTree = "<group>"; };
		5B60DAA51C86362100303E98 /* FBSDKCoreKit.framework */ = {isa = PBXFileReference; lastKnownFileType = wrapper.framework; name = FBSDKCoreKit.framework; path = "Pods/../build/Debug-iphoneos/FBSDKCoreKit.framework"; sourceTree = "<group>"; };
		5B60DAA61C86362100303E98 /* FBSDKLoginKit.framework */ = {isa = PBXFileReference; lastKnownFileType = wrapper.framework; name = FBSDKLoginKit.framework; path = "Pods/../build/Debug-iphoneos/FBSDKLoginKit.framework"; sourceTree = "<group>"; };
		5B60DAA71C86362100303E98 /* FBSDKShareKit.framework */ = {isa = PBXFileReference; lastKnownFileType = wrapper.framework; name = FBSDKShareKit.framework; path = "Pods/../build/Debug-iphoneos/FBSDKShareKit.framework"; sourceTree = "<group>"; };
		5B60DAA81C86362100303E98 /* Fusuma.framework */ = {isa = PBXFileReference; lastKnownFileType = wrapper.framework; name = Fusuma.framework; path = "Pods/../build/Debug-iphoneos/Fusuma.framework"; sourceTree = "<group>"; };
		5B60DAA91C86362100303E98 /* Haneke.framework */ = {isa = PBXFileReference; lastKnownFileType = wrapper.framework; name = Haneke.framework; path = "Pods/../build/Debug-iphoneos/Haneke.framework"; sourceTree = "<group>"; };
		5B60DAAA1C86362100303E98 /* OMGHTTPURLRQ.framework */ = {isa = PBXFileReference; lastKnownFileType = wrapper.framework; name = OMGHTTPURLRQ.framework; path = "Pods/../build/Debug-iphoneos/OMGHTTPURLRQ.framework"; sourceTree = "<group>"; };
		5B60DAAB1C86362100303E98 /* PromiseKit.framework */ = {isa = PBXFileReference; lastKnownFileType = wrapper.framework; name = PromiseKit.framework; path = "Pods/../build/Debug-iphoneos/PromiseKit.framework"; sourceTree = "<group>"; };
		5B60DAAC1C86362100303E98 /* SwiftyJSON.framework */ = {isa = PBXFileReference; lastKnownFileType = wrapper.framework; name = SwiftyJSON.framework; path = "Pods/../build/Debug-iphoneos/SwiftyJSON.framework"; sourceTree = "<group>"; };
		5B63B25F1C7B53520070AC08 /* AlertService.swift */ = {isa = PBXFileReference; fileEncoding = 4; lastKnownFileType = sourcecode.swift; path = AlertService.swift; sourceTree = "<group>"; };
		5B6E10F11C84A01D00456501 /* LoadingView.swift */ = {isa = PBXFileReference; fileEncoding = 4; lastKnownFileType = sourcecode.swift; name = LoadingView.swift; path = customViews/LoadingView.swift; sourceTree = "<group>"; };
		5B90CCAE1C299A2400108693 /* UserService.swift */ = {isa = PBXFileReference; fileEncoding = 4; lastKnownFileType = sourcecode.swift; path = UserService.swift; sourceTree = "<group>"; };
		5B90CCB01C29A56A00108693 /* User.swift */ = {isa = PBXFileReference; fileEncoding = 4; lastKnownFileType = sourcecode.swift; path = User.swift; sourceTree = "<group>"; };
		5B90CCB21C2A220F00108693 /* DashboardVC.swift */ = {isa = PBXFileReference; fileEncoding = 4; lastKnownFileType = sourcecode.swift; name = DashboardVC.swift; path = controller/DashboardVC.swift; sourceTree = SOURCE_ROOT; };
		5BAC93D01C23385600FE502F /* SchoenHier.swift */ = {isa = PBXFileReference; fileEncoding = 4; lastKnownFileType = sourcecode.swift; path = SchoenHier.swift; sourceTree = "<group>"; };
		5BAC93E01C2824A500FE502F /* UtilService.swift */ = {isa = PBXFileReference; fileEncoding = 4; lastKnownFileType = sourcecode.swift; path = UtilService.swift; sourceTree = "<group>"; };
		5BC5F2F71C3BE55A0092E0E9 /* MapSearchVC.swift */ = {isa = PBXFileReference; fileEncoding = 4; lastKnownFileType = sourcecode.swift; name = MapSearchVC.swift; path = controller/MapSearchVC.swift; sourceTree = SOURCE_ROOT; };
		5BDAB6131C5514D600A4D38E /* CAPSPageMenu.swift */ = {isa = PBXFileReference; fileEncoding = 4; lastKnownFileType = sourcecode.swift; name = CAPSPageMenu.swift; path = ../CAPSPageMenu.swift; sourceTree = "<group>"; };
		5BDAB6191C5594D300A4D38E /* MainNavigationVC.swift */ = {isa = PBXFileReference; fileEncoding = 4; lastKnownFileType = sourcecode.swift; name = MainNavigationVC.swift; path = controller/MainNavigationVC.swift; sourceTree = SOURCE_ROOT; };
		5BDAB61C1C58D38800A4D38E /* InfoWindow.xib */ = {isa = PBXFileReference; fileEncoding = 4; lastKnownFileType = file.xib; path = InfoWindow.xib; sourceTree = "<group>"; };
		5BDAB61E1C58D6A000A4D38E /* InfoWindow.swift */ = {isa = PBXFileReference; fileEncoding = 4; lastKnownFileType = sourcecode.swift; path = InfoWindow.swift; sourceTree = "<group>"; };
		5BEA72B71C34B206005220CD /* AbstractImpression.swift */ = {isa = PBXFileReference; fileEncoding = 4; lastKnownFileType = sourcecode.swift; path = AbstractImpression.swift; sourceTree = "<group>"; };
		5BEA72B91C34B28D005220CD /* ImageImpression.swift */ = {isa = PBXFileReference; fileEncoding = 4; lastKnownFileType = sourcecode.swift; path = ImageImpression.swift; sourceTree = "<group>"; };
		5BEA72BB1C34B527005220CD /* VideoImpression.swift */ = {isa = PBXFileReference; fileEncoding = 4; lastKnownFileType = sourcecode.swift; path = VideoImpression.swift; sourceTree = "<group>"; };
		5BEA72BD1C34B530005220CD /* AudioImpression.swift */ = {isa = PBXFileReference; fileEncoding = 4; lastKnownFileType = sourcecode.swift; path = AudioImpression.swift; sourceTree = "<group>"; };
		6452E77853577A731ADE8C86 /* Pods-locator.release.xcconfig */ = {isa = PBXFileReference; includeInIndex = 1; lastKnownFileType = text.xcconfig; name = "Pods-locator.release.xcconfig"; path = "Pods/Target Support Files/Pods-locator/Pods-locator.release.xcconfig"; sourceTree = "<group>"; };
		870507231C4FD82B008641BF /* BubbleVC.swift */ = {isa = PBXFileReference; fileEncoding = 4; lastKnownFileType = sourcecode.swift; name = BubbleVC.swift; path = ../controller/BubbleVC.swift; sourceTree = "<group>"; };
		872DA7C71C1F06A10041C9D6 /* EmailLoginVC1.swift */ = {isa = PBXFileReference; fileEncoding = 4; lastKnownFileType = sourcecode.swift; path = EmailLoginVC1.swift; sourceTree = "<group>"; };
		872DA7C91C1F156A0041C9D6 /* EmailLoginVC2.swift */ = {isa = PBXFileReference; fileEncoding = 4; lastKnownFileType = sourcecode.swift; path = EmailLoginVC2.swift; sourceTree = "<group>"; };
		874AF1F11C415B1300F386B0 /* WelcomeRegisteredVC.swift */ = {isa = PBXFileReference; fileEncoding = 4; lastKnownFileType = sourcecode.swift; path = WelcomeRegisteredVC.swift; sourceTree = "<group>"; };
		874AF1F31C415BC300F386B0 /* LocatorVC.swift */ = {isa = PBXFileReference; fileEncoding = 4; lastKnownFileType = sourcecode.swift; path = LocatorVC.swift; sourceTree = "<group>"; };
		874AF1F51C415D7F00F386B0 /* AboutUserVc.swift */ = {isa = PBXFileReference; fileEncoding = 4; lastKnownFileType = sourcecode.swift; path = AboutUserVc.swift; sourceTree = "<group>"; };
		874AF1F71C415EA300F386B0 /* Color.swift */ = {isa = PBXFileReference; fileEncoding = 4; lastKnownFileType = sourcecode.swift; path = Color.swift; sourceTree = "<group>"; };
		875AF7B51C563F6E000F76AE /* BubbleService.swift */ = {isa = PBXFileReference; fileEncoding = 4; lastKnownFileType = sourcecode.swift; path = BubbleService.swift; sourceTree = "<group>"; };
		875AF7B71C56459F000F76AE /* Message.swift */ = {isa = PBXFileReference; fileEncoding = 4; lastKnownFileType = sourcecode.swift; path = Message.swift; sourceTree = "<group>"; };
		876290141C187DD700D2870E /* SourceSansPro-Black.ttf */ = {isa = PBXFileReference; lastKnownFileType = file; path = "SourceSansPro-Black.ttf"; sourceTree = "<group>"; };
		876290151C187DD700D2870E /* SourceSansPro-BlackIt.ttf */ = {isa = PBXFileReference; lastKnownFileType = file; path = "SourceSansPro-BlackIt.ttf"; sourceTree = "<group>"; };
		876290161C187DD700D2870E /* SourceSansPro-Bold.ttf */ = {isa = PBXFileReference; lastKnownFileType = file; path = "SourceSansPro-Bold.ttf"; sourceTree = "<group>"; };
		876290171C187DD700D2870E /* SourceSansPro-BoldIt.ttf */ = {isa = PBXFileReference; lastKnownFileType = file; path = "SourceSansPro-BoldIt.ttf"; sourceTree = "<group>"; };
		876290181C187DD700D2870E /* SourceSansPro-ExtraLight.ttf */ = {isa = PBXFileReference; lastKnownFileType = file; path = "SourceSansPro-ExtraLight.ttf"; sourceTree = "<group>"; };
		876290191C187DD700D2870E /* SourceSansPro-ExtraLightIt.ttf */ = {isa = PBXFileReference; lastKnownFileType = file; path = "SourceSansPro-ExtraLightIt.ttf"; sourceTree = "<group>"; };
		8762901A1C187DD700D2870E /* SourceSansPro-It.ttf */ = {isa = PBXFileReference; lastKnownFileType = file; path = "SourceSansPro-It.ttf"; sourceTree = "<group>"; };
		8762901B1C187DD700D2870E /* SourceSansPro-Light.ttf */ = {isa = PBXFileReference; lastKnownFileType = file; path = "SourceSansPro-Light.ttf"; sourceTree = "<group>"; };
		8762901C1C187DD700D2870E /* SourceSansPro-LightIt.ttf */ = {isa = PBXFileReference; lastKnownFileType = file; path = "SourceSansPro-LightIt.ttf"; sourceTree = "<group>"; };
		8762901D1C187DD700D2870E /* SourceSansPro-Regular.ttf */ = {isa = PBXFileReference; lastKnownFileType = file; path = "SourceSansPro-Regular.ttf"; sourceTree = "<group>"; };
		8762901E1C187DD700D2870E /* SourceSansPro-Semibold.ttf */ = {isa = PBXFileReference; lastKnownFileType = file; path = "SourceSansPro-Semibold.ttf"; sourceTree = "<group>"; };
		8762901F1C187DD700D2870E /* SourceSansPro-SemiboldIt.ttf */ = {isa = PBXFileReference; lastKnownFileType = file; path = "SourceSansPro-SemiboldIt.ttf"; sourceTree = "<group>"; };
		876290221C1893DE00D2870E /* LoginVC.swift */ = {isa = PBXFileReference; fileEncoding = 4; lastKnownFileType = sourcecode.swift; path = LoginVC.swift; sourceTree = "<group>"; };
		876CAA7D1C3BFEAF002A36FF /* RegisterVC1.swift */ = {isa = PBXFileReference; fileEncoding = 4; lastKnownFileType = sourcecode.swift; path = RegisterVC1.swift; sourceTree = "<group>"; };
		876CAA7F1C3C03F8002A36FF /* RegisterVC2.swift */ = {isa = PBXFileReference; fileEncoding = 4; lastKnownFileType = sourcecode.swift; path = RegisterVC2.swift; sourceTree = "<group>"; };
		876CAA811C3C0411002A36FF /* RegisterVC3.swift */ = {isa = PBXFileReference; fileEncoding = 4; lastKnownFileType = sourcecode.swift; path = RegisterVC3.swift; sourceTree = "<group>"; };
		876CAA831C3C0422002A36FF /* RegisterVC4.swift */ = {isa = PBXFileReference; fileEncoding = 4; lastKnownFileType = sourcecode.swift; path = RegisterVC4.swift; sourceTree = "<group>"; };
		876CAA851C3C0431002A36FF /* RegisterVC5.swift */ = {isa = PBXFileReference; fileEncoding = 4; lastKnownFileType = sourcecode.swift; path = RegisterVC5.swift; sourceTree = "<group>"; };
		879DC7B91C459A8E004726BF /* PreLoginVC.swift */ = {isa = PBXFileReference; fileEncoding = 4; lastKnownFileType = sourcecode.swift; path = PreLoginVC.swift; sourceTree = "<group>"; };
		87ACAD251C21C9B900651B18 /* HttpService.swift */ = {isa = PBXFileReference; fileEncoding = 4; lastKnownFileType = sourcecode.swift; path = HttpService.swift; sourceTree = "<group>"; };
		87B6DB711C4674E600CE97DC /* ValidateInputService.swift */ = {isa = PBXFileReference; fileEncoding = 4; lastKnownFileType = sourcecode.swift; path = ValidateInputService.swift; sourceTree = "<group>"; };
		87EED3851C4571BE00939E07 /* Questions.swift */ = {isa = PBXFileReference; fileEncoding = 4; lastKnownFileType = sourcecode.swift; path = Questions.swift; sourceTree = "<group>"; };
		87F14D771C18604B00682709 /* locator.app */ = {isa = PBXFileReference; explicitFileType = wrapper.application; includeInIndex = 0; path = locator.app; sourceTree = BUILT_PRODUCTS_DIR; };
		87F14D7A1C18604B00682709 /* AppDelegate.swift */ = {isa = PBXFileReference; lastKnownFileType = sourcecode.swift; name = AppDelegate.swift; path = locator/AppDelegate.swift; sourceTree = "<group>"; };
		87F14D7C1C18604B00682709 /* WelcomeVC.swift */ = {isa = PBXFileReference; lastKnownFileType = sourcecode.swift; path = WelcomeVC.swift; sourceTree = "<group>"; };
		87F14D7F1C18604B00682709 /* Base */ = {isa = PBXFileReference; lastKnownFileType = file.storyboard; name = Base; path = Base.lproj/Main.storyboard; sourceTree = "<group>"; };
		87F14D821C18604B00682709 /* locator.xcdatamodel */ = {isa = PBXFileReference; lastKnownFileType = wrapper.xcdatamodel; path = locator.xcdatamodel; sourceTree = "<group>"; };
		87F14D841C18604B00682709 /* Assets.xcassets */ = {isa = PBXFileReference; lastKnownFileType = folder.assetcatalog; name = Assets.xcassets; path = locator/Assets.xcassets; sourceTree = "<group>"; };
		87F14D871C18604B00682709 /* Base */ = {isa = PBXFileReference; lastKnownFileType = file.storyboard; name = Base; path = Base.lproj/LaunchScreen.storyboard; sourceTree = "<group>"; };
		87F14D891C18604B00682709 /* Info.plist */ = {isa = PBXFileReference; lastKnownFileType = text.plist.xml; path = Info.plist; sourceTree = "<group>"; };
		9F065E9F82669863AC08B17B /* Pods_locator.framework */ = {isa = PBXFileReference; explicitFileType = wrapper.framework; includeInIndex = 0; path = Pods_locator.framework; sourceTree = BUILT_PRODUCTS_DIR; };
		CC18FAA21C7F57D200A346BE /* TakePhotoViewController.swift */ = {isa = PBXFileReference; fileEncoding = 4; lastKnownFileType = sourcecode.swift; name = TakePhotoViewController.swift; path = controller/TakePhotoViewController.swift; sourceTree = SOURCE_ROOT; };
		CC4075E11C7F776D00364331 /* NameYourLocationViewController.swift */ = {isa = PBXFileReference; fileEncoding = 4; lastKnownFileType = sourcecode.swift; name = NameYourLocationViewController.swift; path = controller/NameYourLocationViewController.swift; sourceTree = SOURCE_ROOT; };
		CC4075E31C7F8CB000364331 /* AddCategoriesViewController.swift */ = {isa = PBXFileReference; fileEncoding = 4; lastKnownFileType = sourcecode.swift; name = AddCategoriesViewController.swift; path = controller/AddCategoriesViewController.swift; sourceTree = SOURCE_ROOT; };
		CC6A38301C84965C00843293 /* PasstSoViewController.swift */ = {isa = PBXFileReference; fileEncoding = 4; lastKnownFileType = sourcecode.swift; path = PasstSoViewController.swift; sourceTree = "<group>"; };
		CC857BE31C81CC2700776731 /* LoadingAnimationViewController.swift */ = {isa = PBXFileReference; fileEncoding = 4; lastKnownFileType = sourcecode.swift; name = LoadingAnimationViewController.swift; path = controller/LoadingAnimationViewController.swift; sourceTree = SOURCE_ROOT; };
		CC857BE51C81E72900776731 /* Gif.swift */ = {isa = PBXFileReference; fileEncoding = 4; lastKnownFileType = sourcecode.swift; path = Gif.swift; sourceTree = SOURCE_ROOT; };
		CC857BEB1C81EEEF00776731 /* locator_preloader.gif */ = {isa = PBXFileReference; lastKnownFileType = image.gif; path = locator_preloader.gif; sourceTree = "<group>"; };
/* End PBXFileReference section */

/* Begin PBXFrameworksBuildPhase section */
		87F14D741C18604B00682709 /* Frameworks */ = {
			isa = PBXFrameworksBuildPhase;
			buildActionMask = 2147483647;
			files = (
				623DE8F3F2CEAA896CFA50AC /* Pods_locator.framework in Frameworks */,
			);
			runOnlyForDeploymentPostprocessing = 0;
		};
/* End PBXFrameworksBuildPhase section */

/* Begin PBXGroup section */
		0C379E5A93285B69727480FF /* Pods */ = {
			isa = PBXGroup;
			children = (
				2A2D73A983D85F52E3CE00E5 /* Pods-locator.debug.xcconfig */,
				6452E77853577A731ADE8C86 /* Pods-locator.release.xcconfig */,
			);
			name = Pods;
			sourceTree = "<group>";
		};
		28C8E3043479B3786F84B281 /* Frameworks */ = {
			isa = PBXGroup;
			children = (
				5B60DAA41C86362100303E98 /* Bolts.framework */,
				5B60DAA51C86362100303E98 /* FBSDKCoreKit.framework */,
				5B60DAA61C86362100303E98 /* FBSDKLoginKit.framework */,
				5B60DAA71C86362100303E98 /* FBSDKShareKit.framework */,
				5B60DAA81C86362100303E98 /* Fusuma.framework */,
				5B60DAA91C86362100303E98 /* Haneke.framework */,
				5B60DAAA1C86362100303E98 /* OMGHTTPURLRQ.framework */,
				5B60DAAB1C86362100303E98 /* PromiseKit.framework */,
				5B60DAAC1C86362100303E98 /* SwiftyJSON.framework */,
				9F065E9F82669863AC08B17B /* Pods_locator.framework */,
			);
			name = Frameworks;
			sourceTree = "<group>";
		};
		5B091F0D1C83AB190064F03A /* navigation */ = {
			isa = PBXGroup;
			children = (
				5BDAB6191C5594D300A4D38E /* MainNavigationVC.swift */,
				5B091F091C83AA360064F03A /* SecondNavigationVC.swift */,
				5B091F0B1C83AA640064F03A /* AbstractNavigationVC.swift */,
			);
			name = navigation;
			sourceTree = "<group>";
		};
		5B0C0D9D1C3FE2FE0090FB17 /* postImpressions */ = {
			isa = PBXGroup;
			children = (
				5B0C0D971C3D505A0090FB17 /* TextImpressionVC.swift */,
				5B0C0D9B1C3FE2F80090FB17 /* ImageImpressionVC.swift */,
				5B091F071C834FC80064F03A /* VideoImpressionVC.swift */,
			);
			name = postImpressions;
			sourceTree = "<group>";
		};
		5B42BB661C7DD93D004F16D2 /* LocationDetail */ = {
			isa = PBXGroup;
			children = (
				5B42BB641C7DD6BE004F16D2 /* LocationDetailVC.swift */,
				5B42BB671C7DD961004F16D2 /* TextImpressionCell.swift */,
				5B42BB691C7DD96F004F16D2 /* ImageImpressionCell.swift */,
				5B1E6B891C7F57840016B404 /* LocationDetailHeaderCell.swift */,
				5B1E6B8B1C80A48A0016B404 /* VideoImpressionCell.swift */,
				5B0C0D9D1C3FE2FE0090FB17 /* postImpressions */,
			);
			name = LocationDetail;
			sourceTree = "<group>";
		};
		5B44750A1C216A2600C30445 /* model */ = {
			isa = PBXGroup;
			children = (
				5BEA72B21C34AFA3005220CD /* impression */,
				5B4475081C2167BE00C30445 /* Location.swift */,
				875AF7B71C56459F000F76AE /* Message.swift */,
				5BAC93D01C23385600FE502F /* SchoenHier.swift */,
				5B90CCB01C29A56A00108693 /* User.swift */,
				874AF1F71C415EA300F386B0 /* Color.swift */,
				87EED3851C4571BE00939E07 /* Questions.swift */,
				5B410D711C4E4A3000B11471 /* City.swift */,
			);
			path = model;
			sourceTree = "<group>";
		};
		5B44750B1C216E7A00C30445 /* service */ = {
			isa = PBXGroup;
			children = (
				875AF7B51C563F6E000F76AE /* BubbleService.swift */,
				5B44750C1C216E9600C30445 /* LocationService.swift */,
				5B514AD61C5D3447001B3C17 /* ImpressionService.swift */,
				87ACAD251C21C9B900651B18 /* HttpService.swift */,
				5BAC93E01C2824A500FE502F /* UtilService.swift */,
				5B90CCAE1C299A2400108693 /* UserService.swift */,
				87B6DB711C4674E600CE97DC /* ValidateInputService.swift */,
				5B514AD81C5D63F7001B3C17 /* DeviceService.swift */,
				5B4EF1101C5E2559005D8612 /* GpsService.swift */,
				5B63B25F1C7B53520070AC08 /* AlertService.swift */,
			);
			path = service;
			sourceTree = "<group>";
		};
		5B608C9A1C49DF4200F5F0DA /* TableViews */ = {
			isa = PBXGroup;
			children = (
				5B608C981C49DF2500F5F0DA /* LocationListVC.swift */,
				5B410D6F1C4CF78500B11471 /* LocationCell.swift */,
				5B410D731C4F989600B11471 /* UserCell.swift */,
				5B410D751C4F98B000B11471 /* UserListVC.swift */,
			);
			name = TableViews;
			path = ..;
			sourceTree = "<group>";
		};
		5B608CA11C4A935200F5F0DA /* user */ = {
			isa = PBXGroup;
			children = (
				5B608C9A1C49DF4200F5F0DA /* TableViews */,
				5B608C9B1C49E4C100F5F0DA /* UserVC.swift */,
				5B608C9F1C4A5D3A00F5F0DA /* UserTabVC.swift */,
			);
			name = user;
			sourceTree = "<group>";
		};
		5B6E10F01C849F9100456501 /* customView */ = {
			isa = PBXGroup;
			children = (
				5B6E10F11C84A01D00456501 /* LoadingView.swift */,
				5B2654C11C85E49800823EBF /* BubbleView.swift */,
			);
			name = customView;
			sourceTree = "<group>";
		};
		5BDAB61B1C58D34F00A4D38E /* nib */ = {
			isa = PBXGroup;
			children = (
				5BDAB61C1C58D38800A4D38E /* InfoWindow.xib */,
				5BDAB61E1C58D6A000A4D38E /* InfoWindow.swift */,
			);
			name = nib;
			path = ..;
			sourceTree = "<group>";
		};
		5BEA72B21C34AFA3005220CD /* impression */ = {
			isa = PBXGroup;
			children = (
				5BEA72B71C34B206005220CD /* AbstractImpression.swift */,
				5BEA72B91C34B28D005220CD /* ImageImpression.swift */,
				5BEA72BB1C34B527005220CD /* VideoImpression.swift */,
				5BEA72BD1C34B530005220CD /* AudioImpression.swift */,
				5B0C0D991C3F13D90090FB17 /* TextImpression.swift */,
			);
			name = impression;
			sourceTree = "<group>";
		};
		876290121C18797B00D2870E /* Supporting Files */ = {
			isa = PBXGroup;
			children = (
				CC857BEB1C81EEEF00776731 /* locator_preloader.gif */,
				5BDAB6131C5514D600A4D38E /* CAPSPageMenu.swift */,
				876290131C187DB000D2870E /* Fonts */,
				87F14D861C18604B00682709 /* LaunchScreen.storyboard */,
				87F14D891C18604B00682709 /* Info.plist */,
				87F14D811C18604B00682709 /* locator.xcdatamodeld */,
			);
			name = "Supporting Files";
			path = locator;
			sourceTree = "<group>";
		};
		876290131C187DB000D2870E /* Fonts */ = {
			isa = PBXGroup;
			children = (
				876290141C187DD700D2870E /* SourceSansPro-Black.ttf */,
				876290151C187DD700D2870E /* SourceSansPro-BlackIt.ttf */,
				876290161C187DD700D2870E /* SourceSansPro-Bold.ttf */,
				876290171C187DD700D2870E /* SourceSansPro-BoldIt.ttf */,
				876290181C187DD700D2870E /* SourceSansPro-ExtraLight.ttf */,
				876290191C187DD700D2870E /* SourceSansPro-ExtraLightIt.ttf */,
				8762901A1C187DD700D2870E /* SourceSansPro-It.ttf */,
				8762901B1C187DD700D2870E /* SourceSansPro-Light.ttf */,
				8762901C1C187DD700D2870E /* SourceSansPro-LightIt.ttf */,
				8762901D1C187DD700D2870E /* SourceSansPro-Regular.ttf */,
				8762901E1C187DD700D2870E /* SourceSansPro-Semibold.ttf */,
				8762901F1C187DD700D2870E /* SourceSansPro-SemiboldIt.ttf */,
			);
			name = Fonts;
			path = ..;
			sourceTree = "<group>";
		};
		876CAA7C1C3BFE5E002A36FF /* Login */ = {
			isa = PBXGroup;
			children = (
				874AF1F51C415D7F00F386B0 /* AboutUserVc.swift */,
				872DA7C71C1F06A10041C9D6 /* EmailLoginVC1.swift */,
				872DA7C91C1F156A0041C9D6 /* EmailLoginVC2.swift */,
				876290221C1893DE00D2870E /* LoginVC.swift */,
				879DC7B91C459A8E004726BF /* PreLoginVC.swift */,
				876CAA7D1C3BFEAF002A36FF /* RegisterVC1.swift */,
				876CAA7F1C3C03F8002A36FF /* RegisterVC2.swift */,
				876CAA811C3C0411002A36FF /* RegisterVC3.swift */,
				876CAA831C3C0422002A36FF /* RegisterVC4.swift */,
				876CAA851C3C0431002A36FF /* RegisterVC5.swift */,
				87F14D7C1C18604B00682709 /* WelcomeVC.swift */,
				874AF1F11C415B1300F386B0 /* WelcomeRegisteredVC.swift */,
			);
			name = Login;
			sourceTree = "<group>";
		};
		87F14D6E1C18604B00682709 = {
			isa = PBXGroup;
			children = (
				87F14D7E1C18604B00682709 /* Main.storyboard */,
				87F14D7A1C18604B00682709 /* AppDelegate.swift */,
				87F14D841C18604B00682709 /* Assets.xcassets */,
				5B44750B1C216E7A00C30445 /* service */,
				5B44750A1C216A2600C30445 /* model */,
				87F14D791C18604B00682709 /* controller */,
				5B6E10F01C849F9100456501 /* customView */,
				876290121C18797B00D2870E /* Supporting Files */,
				87F14D781C18604B00682709 /* Products */,
				0C379E5A93285B69727480FF /* Pods */,
				28C8E3043479B3786F84B281 /* Frameworks */,
			);
			sourceTree = "<group>";
		};
		87F14D781C18604B00682709 /* Products */ = {
			isa = PBXGroup;
			children = (
				87F14D771C18604B00682709 /* locator.app */,
			);
			name = Products;
			sourceTree = "<group>";
		};
		87F14D791C18604B00682709 /* controller */ = {
			isa = PBXGroup;
			children = (
				5B091F0D1C83AB190064F03A /* navigation */,
				CC18FAA11C7F579100A346BE /* createLocation */,
				5B42BB661C7DD93D004F16D2 /* LocationDetail */,
				870507231C4FD82B008641BF /* BubbleVC.swift */,
				876CAA7C1C3BFE5E002A36FF /* Login */,
				5B495C4D1C2061B5000D8974 /* MapVC.swift */,
				5B90CCB21C2A220F00108693 /* DashboardVC.swift */,
				874AF1F31C415BC300F386B0 /* LocatorVC.swift */,
				5BC5F2F71C3BE55A0092E0E9 /* MapSearchVC.swift */,
				5B608CA11C4A935200F5F0DA /* user */,
				CC857BE31C81CC2700776731 /* LoadingAnimationViewController.swift */,
				CC857BE51C81E72900776731 /* Gif.swift */,
				5BDAB61B1C58D34F00A4D38E /* nib */,
			);
			name = controller;
			path = locator;
			sourceTree = "<group>";
		};
		CC18FAA11C7F579100A346BE /* createLocation */ = {
			isa = PBXGroup;
			children = (
				CC6A38301C84965C00843293 /* PasstSoViewController.swift */,
				CC18FAA21C7F57D200A346BE /* TakePhotoViewController.swift */,
				CC4075E11C7F776D00364331 /* NameYourLocationViewController.swift */,
				CC4075E31C7F8CB000364331 /* AddCategoriesViewController.swift */,
			);
			name = createLocation;
			sourceTree = "<group>";
		};
/* End PBXGroup section */

/* Begin PBXNativeTarget section */
		87F14D761C18604B00682709 /* locator */ = {
			isa = PBXNativeTarget;
			buildConfigurationList = 87F14D8C1C18604B00682709 /* Build configuration list for PBXNativeTarget "locator" */;
			buildPhases = (
				30B03CE8C8A9B79F1DE169CF /* Check Pods Manifest.lock */,
				87F14D731C18604B00682709 /* Sources */,
				87F14D741C18604B00682709 /* Frameworks */,
				87F14D751C18604B00682709 /* Resources */,
				66DC179B2F23A4AF050A5739 /* Embed Pods Frameworks */,
				EF955AA4A2D1F0DDC60C3BA8 /* Copy Pods Resources */,
			);
			buildRules = (
			);
			dependencies = (
			);
			name = locator;
			productName = locator;
			productReference = 87F14D771C18604B00682709 /* locator.app */;
			productType = "com.apple.product-type.application";
		};
/* End PBXNativeTarget section */

/* Begin PBXProject section */
		87F14D6F1C18604B00682709 /* Project object */ = {
			isa = PBXProject;
			attributes = {
				LastSwiftUpdateCheck = 0710;
				LastUpgradeCheck = 0710;
				ORGANIZATIONNAME = Locator;
				TargetAttributes = {
					87F14D761C18604B00682709 = {
						CreatedOnToolsVersion = 7.1.1;
						DevelopmentTeam = 969HK8WJ4Z;
					};
				};
			};
			buildConfigurationList = 87F14D721C18604B00682709 /* Build configuration list for PBXProject "locator" */;
			compatibilityVersion = "Xcode 3.2";
			developmentRegion = English;
			hasScannedForEncodings = 0;
			knownRegions = (
				en,
				Base,
			);
			mainGroup = 87F14D6E1C18604B00682709;
			productRefGroup = 87F14D781C18604B00682709 /* Products */;
			projectDirPath = "";
			projectRoot = "";
			targets = (
				87F14D761C18604B00682709 /* locator */,
			);
		};
/* End PBXProject section */

/* Begin PBXResourcesBuildPhase section */
		87F14D751C18604B00682709 /* Resources */ = {
			isa = PBXResourcesBuildPhase;
			buildActionMask = 2147483647;
			files = (
				87F14D881C18604B00682709 /* LaunchScreen.storyboard in Resources */,
				87F14D851C18604B00682709 /* Assets.xcassets in Resources */,
				87F14D801C18604B00682709 /* Main.storyboard in Resources */,
				5BDAB61D1C58D38800A4D38E /* InfoWindow.xib in Resources */,
				876290241C18E1B400D2870E /* SourceSansPro-Black.ttf in Resources */,
				876290251C18E1B400D2870E /* SourceSansPro-BlackIt.ttf in Resources */,
				876290261C18E1B400D2870E /* SourceSansPro-Bold.ttf in Resources */,
				876290271C18E1B400D2870E /* SourceSansPro-BoldIt.ttf in Resources */,
				876290281C18E1B400D2870E /* SourceSansPro-ExtraLight.ttf in Resources */,
				876290291C18E1B400D2870E /* SourceSansPro-ExtraLightIt.ttf in Resources */,
				8762902A1C18E1B400D2870E /* SourceSansPro-It.ttf in Resources */,
				8762902B1C18E1B400D2870E /* SourceSansPro-Light.ttf in Resources */,
				CC857BF61C8317AC00776731 /* locator_preloader.gif in Resources */,
				8762902C1C18E1B400D2870E /* SourceSansPro-LightIt.ttf in Resources */,
				8762902D1C18E1B400D2870E /* SourceSansPro-Regular.ttf in Resources */,
				8762902E1C18E1B400D2870E /* SourceSansPro-Semibold.ttf in Resources */,
				8762902F1C18E1B400D2870E /* SourceSansPro-SemiboldIt.ttf in Resources */,
			);
			runOnlyForDeploymentPostprocessing = 0;
		};
/* End PBXResourcesBuildPhase section */

/* Begin PBXShellScriptBuildPhase section */
		30B03CE8C8A9B79F1DE169CF /* Check Pods Manifest.lock */ = {
			isa = PBXShellScriptBuildPhase;
			buildActionMask = 2147483647;
			files = (
			);
			inputPaths = (
			);
			name = "Check Pods Manifest.lock";
			outputPaths = (
			);
			runOnlyForDeploymentPostprocessing = 0;
			shellPath = /bin/sh;
			shellScript = "diff \"${PODS_ROOT}/../Podfile.lock\" \"${PODS_ROOT}/Manifest.lock\" > /dev/null\nif [[ $? != 0 ]] ; then\n    cat << EOM\nerror: The sandbox is not in sync with the Podfile.lock. Run 'pod install' or update your CocoaPods installation.\nEOM\n    exit 1\nfi\n";
			showEnvVarsInLog = 0;
		};
		66DC179B2F23A4AF050A5739 /* Embed Pods Frameworks */ = {
			isa = PBXShellScriptBuildPhase;
			buildActionMask = 2147483647;
			files = (
			);
			inputPaths = (
			);
			name = "Embed Pods Frameworks";
			outputPaths = (
			);
			runOnlyForDeploymentPostprocessing = 0;
			shellPath = /bin/sh;
			shellScript = "\"${SRCROOT}/Pods/Target Support Files/Pods-locator/Pods-locator-frameworks.sh\"\n";
			showEnvVarsInLog = 0;
		};
		EF955AA4A2D1F0DDC60C3BA8 /* Copy Pods Resources */ = {
			isa = PBXShellScriptBuildPhase;
			buildActionMask = 2147483647;
			files = (
			);
			inputPaths = (
			);
			name = "Copy Pods Resources";
			outputPaths = (
			);
			runOnlyForDeploymentPostprocessing = 0;
			shellPath = /bin/sh;
			shellScript = "\"${SRCROOT}/Pods/Target Support Files/Pods-locator/Pods-locator-resources.sh\"\n";
			showEnvVarsInLog = 0;
		};
/* End PBXShellScriptBuildPhase section */

/* Begin PBXSourcesBuildPhase section */
		87F14D731C18604B00682709 /* Sources */ = {
			isa = PBXSourcesBuildPhase;
			buildActionMask = 2147483647;
			files = (
				5B90CCAF1C299A2400108693 /* UserService.swift in Sources */,
				5BEA72BC1C34B527005220CD /* VideoImpression.swift in Sources */,
				5B608C991C49DF2500F5F0DA /* LocationListVC.swift in Sources */,
				875AF7B81C56459F000F76AE /* Message.swift in Sources */,
				CC857BE41C81CC2700776731 /* LoadingAnimationViewController.swift in Sources */,
				5BEA72BA1C34B28D005220CD /* ImageImpression.swift in Sources */,
				87EED3861C4571BE00939E07 /* Questions.swift in Sources */,
				5B1E6B8A1C7F57840016B404 /* LocationDetailHeaderCell.swift in Sources */,
				872DA7CA1C1F156A0041C9D6 /* EmailLoginVC2.swift in Sources */,
				5B410D701C4CF78500B11471 /* LocationCell.swift in Sources */,
				5BDAB61A1C5594D300A4D38E /* MainNavigationVC.swift in Sources */,
				87F14D831C18604B00682709 /* locator.xcdatamodeld in Sources */,
				5B0C0D9A1C3F13D90090FB17 /* TextImpression.swift in Sources */,
				5B514AD71C5D3447001B3C17 /* ImpressionService.swift in Sources */,
				874AF1F21C415B1300F386B0 /* WelcomeRegisteredVC.swift in Sources */,
				874AF1F41C415BC300F386B0 /* LocatorVC.swift in Sources */,
				875AF7B61C563F6E000F76AE /* BubbleService.swift in Sources */,
				CC4075E41C7F8CB000364331 /* AddCategoriesViewController.swift in Sources */,
				874AF1F61C415D7F00F386B0 /* AboutUserVc.swift in Sources */,
				5B514AD91C5D63F7001B3C17 /* DeviceService.swift in Sources */,
				87B6DB721C4674E600CE97DC /* ValidateInputService.swift in Sources */,
				5BAC93D11C23385600FE502F /* SchoenHier.swift in Sources */,
				5B608CA01C4A5D3A00F5F0DA /* UserTabVC.swift in Sources */,
				5BEA72B81C34B206005220CD /* AbstractImpression.swift in Sources */,
				870507241C4FD82B008641BF /* BubbleVC.swift in Sources */,
				872DA7C81C1F06A10041C9D6 /* EmailLoginVC1.swift in Sources */,
				CC6A38311C84965C00843293 /* PasstSoViewController.swift in Sources */,
				CC4075E21C7F776D00364331 /* NameYourLocationViewController.swift in Sources */,
				87F14D7D1C18604B00682709 /* WelcomeVC.swift in Sources */,
				5B091F0C1C83AA640064F03A /* AbstractNavigationVC.swift in Sources */,
				876CAA801C3C03F8002A36FF /* RegisterVC2.swift in Sources */,
				5B42BB6A1C7DD96F004F16D2 /* ImageImpressionCell.swift in Sources */,
				5B4EF1111C5E2559005D8612 /* GpsService.swift in Sources */,
				5B410D741C4F989600B11471 /* UserCell.swift in Sources */,
				5B495C4E1C2061B5000D8974 /* MapVC.swift in Sources */,
				876CAA821C3C0411002A36FF /* RegisterVC3.swift in Sources */,
				5B63B2601C7B53520070AC08 /* AlertService.swift in Sources */,
				5B90CCB11C29A56A00108693 /* User.swift in Sources */,
				5B410D761C4F98B000B11471 /* UserListVC.swift in Sources */,
				CC18FAA31C7F57D200A346BE /* TakePhotoViewController.swift in Sources */,
				5B410D721C4E4A3000B11471 /* City.swift in Sources */,
				5B608C9C1C49E4C100F5F0DA /* UserVC.swift in Sources */,
				879DC7BA1C459A8E004726BF /* PreLoginVC.swift in Sources */,
				876CAA841C3C0422002A36FF /* RegisterVC4.swift in Sources */,
				5B4475091C2167BE00C30445 /* Location.swift in Sources */,
				876290231C1893DE00D2870E /* LoginVC.swift in Sources */,
				5B0C0D981C3D505A0090FB17 /* TextImpressionVC.swift in Sources */,
				5B44750D1C216E9600C30445 /* LocationService.swift in Sources */,
				5B6E10F21C84A01D00456501 /* LoadingView.swift in Sources */,
				5B42BB681C7DD961004F16D2 /* TextImpressionCell.swift in Sources */,
				87F14D7B1C18604B00682709 /* AppDelegate.swift in Sources */,
				5BDAB6141C5514D600A4D38E /* CAPSPageMenu.swift in Sources */,
				876CAA861C3C0431002A36FF /* RegisterVC5.swift in Sources */,
				5B1E6B8C1C80A48A0016B404 /* VideoImpressionCell.swift in Sources */,
				874AF1F81C415EA300F386B0 /* Color.swift in Sources */,
				5B90CCB31C2A220F00108693 /* DashboardVC.swift in Sources */,
				5B0C0D9C1C3FE2F80090FB17 /* ImageImpressionVC.swift in Sources */,
				87ACAD261C21C9B900651B18 /* HttpService.swift in Sources */,
				5BDAB61F1C58D6A000A4D38E /* InfoWindow.swift in Sources */,
				5B091F0A1C83AA360064F03A /* SecondNavigationVC.swift in Sources */,
				CC857BE61C81E72900776731 /* Gif.swift in Sources */,
				876CAA7E1C3BFEAF002A36FF /* RegisterVC1.swift in Sources */,
				5B2654C21C85E49800823EBF /* BubbleView.swift in Sources */,
				5BAC93E11C2824A500FE502F /* UtilService.swift in Sources */,
				5BEA72BE1C34B530005220CD /* AudioImpression.swift in Sources */,
				5B091F081C834FC80064F03A /* VideoImpressionVC.swift in Sources */,
				5BC5F2F81C3BE55A0092E0E9 /* MapSearchVC.swift in Sources */,
				5B42BB651C7DD6BE004F16D2 /* LocationDetailVC.swift in Sources */,
			);
			runOnlyForDeploymentPostprocessing = 0;
		};
/* End PBXSourcesBuildPhase section */

/* Begin PBXVariantGroup section */
		87F14D7E1C18604B00682709 /* Main.storyboard */ = {
			isa = PBXVariantGroup;
			children = (
				87F14D7F1C18604B00682709 /* Base */,
			);
			name = Main.storyboard;
			path = locator;
			sourceTree = "<group>";
		};
		87F14D861C18604B00682709 /* LaunchScreen.storyboard */ = {
			isa = PBXVariantGroup;
			children = (
				87F14D871C18604B00682709 /* Base */,
			);
			name = LaunchScreen.storyboard;
			sourceTree = "<group>";
		};
/* End PBXVariantGroup section */

/* Begin XCBuildConfiguration section */
		87F14D8A1C18604B00682709 /* Debug */ = {
			isa = XCBuildConfiguration;
			buildSettings = {
				ALWAYS_SEARCH_USER_PATHS = NO;
				CLANG_CXX_LANGUAGE_STANDARD = "gnu++0x";
				CLANG_CXX_LIBRARY = "libc++";
				CLANG_ENABLE_MODULES = YES;
				CLANG_ENABLE_OBJC_ARC = YES;
				CLANG_WARN_BOOL_CONVERSION = YES;
				CLANG_WARN_CONSTANT_CONVERSION = YES;
				CLANG_WARN_DIRECT_OBJC_ISA_USAGE = YES_ERROR;
				CLANG_WARN_EMPTY_BODY = YES;
				CLANG_WARN_ENUM_CONVERSION = YES;
				CLANG_WARN_INT_CONVERSION = YES;
				CLANG_WARN_OBJC_ROOT_CLASS = YES_ERROR;
				CLANG_WARN_UNREACHABLE_CODE = YES;
				CLANG_WARN__DUPLICATE_METHOD_MATCH = YES;
				"CODE_SIGN_IDENTITY[sdk=iphoneos*]" = "iPhone Developer: s.birklin@gmail.com (5B7YK5HHD3)";
				COPY_PHASE_STRIP = NO;
				DEBUG_INFORMATION_FORMAT = dwarf;
				ENABLE_STRICT_OBJC_MSGSEND = YES;
				ENABLE_TESTABILITY = YES;
				GCC_C_LANGUAGE_STANDARD = gnu99;
				GCC_DYNAMIC_NO_PIC = NO;
				GCC_NO_COMMON_BLOCKS = YES;
				GCC_OPTIMIZATION_LEVEL = 0;
				GCC_PREPROCESSOR_DEFINITIONS = (
					"DEBUG=1",
					"$(inherited)",
				);
				GCC_WARN_64_TO_32_BIT_CONVERSION = YES;
				GCC_WARN_ABOUT_RETURN_TYPE = YES_ERROR;
				GCC_WARN_UNDECLARED_SELECTOR = YES;
				GCC_WARN_UNINITIALIZED_AUTOS = YES_AGGRESSIVE;
				GCC_WARN_UNUSED_FUNCTION = YES;
				GCC_WARN_UNUSED_VARIABLE = YES;
				IPHONEOS_DEPLOYMENT_TARGET = 9.1;
				MTL_ENABLE_DEBUG_INFO = YES;
				ONLY_ACTIVE_ARCH = YES;
				SDKROOT = iphoneos;
				SWIFT_OPTIMIZATION_LEVEL = "-Onone";
			};
			name = Debug;
		};
		87F14D8B1C18604B00682709 /* Release */ = {
			isa = XCBuildConfiguration;
			buildSettings = {
				ALWAYS_SEARCH_USER_PATHS = NO;
				CLANG_CXX_LANGUAGE_STANDARD = "gnu++0x";
				CLANG_CXX_LIBRARY = "libc++";
				CLANG_ENABLE_MODULES = YES;
				CLANG_ENABLE_OBJC_ARC = YES;
				CLANG_WARN_BOOL_CONVERSION = YES;
				CLANG_WARN_CONSTANT_CONVERSION = YES;
				CLANG_WARN_DIRECT_OBJC_ISA_USAGE = YES_ERROR;
				CLANG_WARN_EMPTY_BODY = YES;
				CLANG_WARN_ENUM_CONVERSION = YES;
				CLANG_WARN_INT_CONVERSION = YES;
				CLANG_WARN_OBJC_ROOT_CLASS = YES_ERROR;
				CLANG_WARN_UNREACHABLE_CODE = YES;
				CLANG_WARN__DUPLICATE_METHOD_MATCH = YES;
				"CODE_SIGN_IDENTITY[sdk=iphoneos*]" = "iPhone Developer: s.birklin@gmail.com (5B7YK5HHD3)";
				COPY_PHASE_STRIP = NO;
				DEBUG_INFORMATION_FORMAT = "dwarf-with-dsym";
				ENABLE_NS_ASSERTIONS = NO;
				ENABLE_STRICT_OBJC_MSGSEND = YES;
				GCC_C_LANGUAGE_STANDARD = gnu99;
				GCC_NO_COMMON_BLOCKS = YES;
				GCC_WARN_64_TO_32_BIT_CONVERSION = YES;
				GCC_WARN_ABOUT_RETURN_TYPE = YES_ERROR;
				GCC_WARN_UNDECLARED_SELECTOR = YES;
				GCC_WARN_UNINITIALIZED_AUTOS = YES_AGGRESSIVE;
				GCC_WARN_UNUSED_FUNCTION = YES;
				GCC_WARN_UNUSED_VARIABLE = YES;
				IPHONEOS_DEPLOYMENT_TARGET = 9.1;
				MTL_ENABLE_DEBUG_INFO = NO;
				SDKROOT = iphoneos;
				VALIDATE_PRODUCT = YES;
			};
			name = Release;
		};
		87F14D8D1C18604B00682709 /* Debug */ = {
			isa = XCBuildConfiguration;
			baseConfigurationReference = 2A2D73A983D85F52E3CE00E5 /* Pods-locator.debug.xcconfig */;
			buildSettings = {
				ASSETCATALOG_COMPILER_APPICON_NAME = AppIcon;
				CODE_SIGN_IDENTITY = "iPhone Developer";
				"CODE_SIGN_IDENTITY[sdk=iphoneos*]" = "iPhone Developer";
				FRAMEWORK_SEARCH_PATHS = (
					"$(inherited)",
					"$(PROJECT_DIR)/build/Debug-iphoneos",
				);
				INFOPLIST_FILE = locator/Info.plist;
				LD_RUNPATH_SEARCH_PATHS = "$(inherited) @executable_path/Frameworks";
				PRODUCT_BUNDLE_IDENTIFIER = "com.locator-app";
				PRODUCT_NAME = "$(TARGET_NAME)";
				PROVISIONING_PROFILE = "";
				TARGETED_DEVICE_FAMILY = 1;
			};
			name = Debug;
		};
		87F14D8E1C18604B00682709 /* Release */ = {
			isa = XCBuildConfiguration;
			baseConfigurationReference = 6452E77853577A731ADE8C86 /* Pods-locator.release.xcconfig */;
			buildSettings = {
				ASSETCATALOG_COMPILER_APPICON_NAME = AppIcon;
				CODE_SIGN_IDENTITY = "iPhone Developer";
				"CODE_SIGN_IDENTITY[sdk=iphoneos*]" = "iPhone Developer";
				FRAMEWORK_SEARCH_PATHS = (
					"$(inherited)",
					"$(PROJECT_DIR)/build/Debug-iphoneos",
				);
				INFOPLIST_FILE = locator/Info.plist;
				LD_RUNPATH_SEARCH_PATHS = "$(inherited) @executable_path/Frameworks";
				PRODUCT_BUNDLE_IDENTIFIER = "com.locator-app";
				PRODUCT_NAME = "$(TARGET_NAME)";
				PROVISIONING_PROFILE = "";
				TARGETED_DEVICE_FAMILY = 1;
			};
			name = Release;
		};
/* End XCBuildConfiguration section */

/* Begin XCConfigurationList section */
		87F14D721C18604B00682709 /* Build configuration list for PBXProject "locator" */ = {
			isa = XCConfigurationList;
			buildConfigurations = (
				87F14D8A1C18604B00682709 /* Debug */,
				87F14D8B1C18604B00682709 /* Release */,
			);
			defaultConfigurationIsVisible = 0;
			defaultConfigurationName = Release;
		};
		87F14D8C1C18604B00682709 /* Build configuration list for PBXNativeTarget "locator" */ = {
			isa = XCConfigurationList;
			buildConfigurations = (
				87F14D8D1C18604B00682709 /* Debug */,
				87F14D8E1C18604B00682709 /* Release */,
			);
			defaultConfigurationIsVisible = 0;
			defaultConfigurationName = Release;
		};
/* End XCConfigurationList section */

/* Begin XCVersionGroup section */
		87F14D811C18604B00682709 /* locator.xcdatamodeld */ = {
			isa = XCVersionGroup;
			children = (
				87F14D821C18604B00682709 /* locator.xcdatamodel */,
			);
			currentVersion = 87F14D821C18604B00682709 /* locator.xcdatamodel */;
			path = locator.xcdatamodeld;
			sourceTree = "<group>";
			versionGroupType = wrapper.xcdatamodel;
		};
/* End XCVersionGroup section */
	};
	rootObject = 87F14D6F1C18604B00682709 /* Project object */;
}
